
Microsoft Visual Studio Solution File, Format Version 12.00
# Visual Studio Version 17
VisualStudioVersion = 17.0.31903.59
MinimumVisualStudioVersion = 10.0.40219.1
Project("{2150E333-8FDC-42A3-9474-1A3956D46DE8}") = "src", "src", "{CE48B492-0A1E-42C0-9127-10B64C352F5C}"
EndProject
Project("{FAE04EC0-301F-11D3-BF4B-00C04F79EFBC}") = "UI", "src\UI\UI.csproj", "{DCACC730-BC45-4BCC-88D6-04BF3ECC24E1}"
EndProject
Project("{FAE04EC0-301F-11D3-BF4B-00C04F79EFBC}") = "Application", "src\Application\Application.csproj", "{4BA2D1E5-0D08-4434-9937-C0DB1E42DA01}"
EndProject
Project("{2150E333-8FDC-42A3-9474-1A3956D46DE8}") = "tests", "tests", "{B2F4D65D-1141-4B2B-A935-0199F445A3E3}"
EndProject
Project("{FAE04EC0-301F-11D3-BF4B-00C04F79EFBC}") = "Application.UnitTests", "tests\Application.UnitTests\Application.UnitTests.csproj", "{59B9E567-555D-4992-8B2B-08493F96B39B}"
EndProject
Global
	GlobalSection(SolutionConfigurationPlatforms) = preSolution
		Debug|Any CPU = Debug|Any CPU
		Release|Any CPU = Release|Any CPU
	EndGlobalSection
	GlobalSection(SolutionProperties) = preSolution
		HideSolutionNode = FALSE
	EndGlobalSection
	GlobalSection(ProjectConfigurationPlatforms) = postSolution
		{DCACC730-BC45-4BCC-88D6-04BF3ECC24E1}.Debug|Any CPU.ActiveCfg = Debug|Any CPU
		{DCACC730-BC45-4BCC-88D6-04BF3ECC24E1}.Debug|Any CPU.Build.0 = Debug|Any CPU
		{DCACC730-BC45-4BCC-88D6-04BF3ECC24E1}.Release|Any CPU.ActiveCfg = Release|Any CPU
		{DCACC730-BC45-4BCC-88D6-04BF3ECC24E1}.Release|Any CPU.Build.0 = Release|Any CPU
		{4BA2D1E5-0D08-4434-9937-C0DB1E42DA01}.Debug|Any CPU.ActiveCfg = Debug|Any CPU
		{4BA2D1E5-0D08-4434-9937-C0DB1E42DA01}.Debug|Any CPU.Build.0 = Debug|Any CPU
		{4BA2D1E5-0D08-4434-9937-C0DB1E42DA01}.Release|Any CPU.ActiveCfg = Release|Any CPU
		{4BA2D1E5-0D08-4434-9937-C0DB1E42DA01}.Release|Any CPU.Build.0 = Release|Any CPU
		{59B9E567-555D-4992-8B2B-08493F96B39B}.Debug|Any CPU.ActiveCfg = Debug|Any CPU
		{59B9E567-555D-4992-8B2B-08493F96B39B}.Debug|Any CPU.Build.0 = Debug|Any CPU
		{59B9E567-555D-4992-8B2B-08493F96B39B}.Release|Any CPU.ActiveCfg = Release|Any CPU
		{59B9E567-555D-4992-8B2B-08493F96B39B}.Release|Any CPU.Build.0 = Release|Any CPU
	EndGlobalSection
	GlobalSection(NestedProjects) = preSolution
		{DCACC730-BC45-4BCC-88D6-04BF3ECC24E1} = {CE48B492-0A1E-42C0-9127-10B64C352F5C}
		{4BA2D1E5-0D08-4434-9937-C0DB1E42DA01} = {CE48B492-0A1E-42C0-9127-10B64C352F5C}
		{59B9E567-555D-4992-8B2B-08493F96B39B} = {B2F4D65D-1141-4B2B-A935-0199F445A3E3}
	EndGlobalSection
EndGlobal
